
Microsoft Visual Studio Solution File, Format Version 12.00
# Visual Studio 2013
VisualStudioVersion = 12.0.31101.0
MinimumVisualStudioVersion = 10.0.40219.1
Project("{FAE04EC0-301F-11D3-BF4B-00C04F79EFBC}") = "VMKata", "VMKata\VMKata.csproj", "{F07141AA-B272-4411-AA3E-CFA01E310637}"
EndProject
Project("{FAE04EC0-301F-11D3-BF4B-00C04F79EFBC}") = "VMKata.Tests", "VMKata.Tests\VMKata.Tests.csproj", "{7F224B89-01FE-40E2-A96A-48EC8AB21C08}"
EndProject
Global
	GlobalSection(SolutionConfigurationPlatforms) = preSolution
		Debug|Any CPU = Debug|Any CPU
		Release|Any CPU = Release|Any CPU
	EndGlobalSection
	GlobalSection(ProjectConfigurationPlatforms) = postSolution
		{F07141AA-B272-4411-AA3E-CFA01E310637}.Debug|Any CPU.ActiveCfg = Debug|Any CPU
		{F07141AA-B272-4411-AA3E-CFA01E310637}.Debug|Any CPU.Build.0 = Debug|Any CPU
		{F07141AA-B272-4411-AA3E-CFA01E310637}.Release|Any CPU.ActiveCfg = Release|Any CPU
		{F07141AA-B272-4411-AA3E-CFA01E310637}.Release|Any CPU.Build.0 = Release|Any CPU
		{7F224B89-01FE-40E2-A96A-48EC8AB21C08}.Debug|Any CPU.ActiveCfg = Debug|Any CPU
		{7F224B89-01FE-40E2-A96A-48EC8AB21C08}.Debug|Any CPU.Build.0 = Debug|Any CPU
		{7F224B89-01FE-40E2-A96A-48EC8AB21C08}.Release|Any CPU.ActiveCfg = Release|Any CPU
		{7F224B89-01FE-40E2-A96A-48EC8AB21C08}.Release|Any CPU.Build.0 = Release|Any CPU
	EndGlobalSection
	GlobalSection(SolutionProperties) = preSolution
		HideSolutionNode = FALSE
	EndGlobalSection
EndGlobal
